
Microsoft Visual Studio Solution File, Format Version 12.00
# Visual Studio Version 17
VisualStudioVersion = 17.6.33723.286
MinimumVisualStudioVersion = 10.0.40219.1
Project("{FAE04EC0-301F-11D3-BF4B-00C04F79EFBC}") = "NET46", "NET46\NET46.csproj", "{01CA0F44-DEAA-4C60-9982-0B54F490EFC2}"
EndProject
Global
	GlobalSection(SolutionConfigurationPlatforms) = preSolution
		Debug|Any CPU = Debug|Any CPU
		Release|Any CPU = Release|Any CPU
	EndGlobalSection
	GlobalSection(ProjectConfigurationPlatforms) = postSolution
		{01CA0F44-DEAA-4C60-9982-0B54F490EFC2}.Debug|Any CPU.ActiveCfg = Debug|Any CPU
		{01CA0F44-DEAA-4C60-9982-0B54F490EFC2}.Debug|Any CPU.Build.0 = Debug|Any CPU
		{01CA0F44-DEAA-4C60-9982-0B54F490EFC2}.Release|Any CPU.ActiveCfg = Release|Any CPU
		{01CA0F44-DEAA-4C60-9982-0B54F490EFC2}.Release|Any CPU.Build.0 = Release|Any CPU
	EndGlobalSection
	GlobalSection(SolutionProperties) = preSolution
		HideSolutionNode = FALSE
	EndGlobalSection
	GlobalSection(ExtensibilityGlobals) = postSolution
		SolutionGuid = {EA2AC38E-4D60-4A52-8656-6D3C6DC013D6}
	EndGlobalSection
EndGlobal
